
Microsoft Visual Studio Solution File, Format Version 12.00
# Visual Studio Version 17
VisualStudioVersion = 17.5.33502.453
MinimumVisualStudioVersion = 10.0.40219.1
Project("{FAE04EC0-301F-11D3-BF4B-00C04F79EFBC}") = "3 nuoli", "3 nuoli.csproj", "{161E6FF1-FF53-40ED-89A5-16CA3EDF54D5}"
EndProject
Global
	GlobalSection(SolutionConfigurationPlatforms) = preSolution
		Debug|Any CPU = Debug|Any CPU
		Release|Any CPU = Release|Any CPU
	EndGlobalSection
	GlobalSection(ProjectConfigurationPlatforms) = postSolution
		{161E6FF1-FF53-40ED-89A5-16CA3EDF54D5}.Debug|Any CPU.ActiveCfg = Debug|Any CPU
		{161E6FF1-FF53-40ED-89A5-16CA3EDF54D5}.Debug|Any CPU.Build.0 = Debug|Any CPU
		{161E6FF1-FF53-40ED-89A5-16CA3EDF54D5}.Release|Any CPU.ActiveCfg = Release|Any CPU
		{161E6FF1-FF53-40ED-89A5-16CA3EDF54D5}.Release|Any CPU.Build.0 = Release|Any CPU
	EndGlobalSection
	GlobalSection(SolutionProperties) = preSolution
		HideSolutionNode = FALSE
	EndGlobalSection
	GlobalSection(ExtensibilityGlobals) = postSolution
		SolutionGuid = {E2548700-9546-4D75-85A2-218517455C46}
	EndGlobalSection
EndGlobal
