
Microsoft Visual Studio Solution File, Format Version 12.00
# Visual Studio Version 17
VisualStudioVersion = 17.5.33502.453
MinimumVisualStudioVersion = 10.0.40219.1
Project("{FAE04EC0-301F-11D3-BF4B-00C04F79EFBC}") = "harjoitus", "harjoitus.csproj", "{F1801C70-A48D-49EA-B3FC-16A15D4B546F}"
EndProject
Global
	GlobalSection(SolutionConfigurationPlatforms) = preSolution
		Debug|Any CPU = Debug|Any CPU
		Release|Any CPU = Release|Any CPU
	EndGlobalSection
	GlobalSection(ProjectConfigurationPlatforms) = postSolution
		{F1801C70-A48D-49EA-B3FC-16A15D4B546F}.Debug|Any CPU.ActiveCfg = Debug|Any CPU
		{F1801C70-A48D-49EA-B3FC-16A15D4B546F}.Debug|Any CPU.Build.0 = Debug|Any CPU
		{F1801C70-A48D-49EA-B3FC-16A15D4B546F}.Release|Any CPU.ActiveCfg = Release|Any CPU
		{F1801C70-A48D-49EA-B3FC-16A15D4B546F}.Release|Any CPU.Build.0 = Release|Any CPU
	EndGlobalSection
	GlobalSection(SolutionProperties) = preSolution
		HideSolutionNode = FALSE
	EndGlobalSection
	GlobalSection(ExtensibilityGlobals) = postSolution
		SolutionGuid = {C3DE5783-5961-4775-90D8-E3FD9A71F4B0}
	EndGlobalSection
EndGlobal
